// !$*UTF8*$!
{
	archiveVersion = 1;
	classes = {
	};
	objectVersion = 46;
	objects = {

/* Begin PBXBuildFile section */
		994179F21BA348690028C9C7 /* AppDelegate.swift in Sources */ = {isa = PBXBuildFile; fileRef = 994179F11BA348690028C9C7 /* AppDelegate.swift */; };
		994179F41BA348690028C9C7 /* ViewController.swift in Sources */ = {isa = PBXBuildFile; fileRef = 994179F31BA348690028C9C7 /* ViewController.swift */; };
		994179F71BA348690028C9C7 /* Main.storyboard in Resources */ = {isa = PBXBuildFile; fileRef = 994179F51BA348690028C9C7 /* Main.storyboard */; };
		994179F91BA348690028C9C7 /* Assets.xcassets in Resources */ = {isa = PBXBuildFile; fileRef = 994179F81BA348690028C9C7 /* Assets.xcassets */; };
		994179FC1BA348690028C9C7 /* LaunchScreen.storyboard in Resources */ = {isa = PBXBuildFile; fileRef = 994179FA1BA348690028C9C7 /* LaunchScreen.storyboard */; };
		99417A071BA348690028C9C7 /* TestKVOKVCTests.swift in Sources */ = {isa = PBXBuildFile; fileRef = 99417A061BA348690028C9C7 /* TestKVOKVCTests.swift */; };
		99417A121BA348690028C9C7 /* TestKVOKVCUITests.swift in Sources */ = {isa = PBXBuildFile; fileRef = 99417A111BA348690028C9C7 /* TestKVOKVCUITests.swift */; };
		99417A201BA349880028C9C7 /* RootTableViewController.swift in Sources */ = {isa = PBXBuildFile; fileRef = 99417A1F1BA349880028C9C7 /* RootTableViewController.swift */; settings = {ASSET_TAGS = (); }; };
		99417A221BA3B5310028C9C7 /* PrincipleViewController.swift in Sources */ = {isa = PBXBuildFile; fileRef = 99417A211BA3B5310028C9C7 /* PrincipleViewController.swift */; settings = {ASSET_TAGS = (); }; };
		99417A251BA3B5660028C9C7 /* People.swift in Sources */ = {isa = PBXBuildFile; fileRef = 99417A241BA3B5660028C9C7 /* People.swift */; settings = {ASSET_TAGS = (); }; };
		99417A271BA3B6EE0028C9C7 /* Address.swift in Sources */ = {isa = PBXBuildFile; fileRef = 99417A261BA3B6ED0028C9C7 /* Address.swift */; settings = {ASSET_TAGS = (); }; };
		9971F2E91BA4939000839DFF /* BasicKVOUIViewController.swift in Sources */ = {isa = PBXBuildFile; fileRef = 9971F2E81BA4939000839DFF /* BasicKVOUIViewController.swift */; settings = {ASSET_TAGS = (); }; };
/* End PBXBuildFile section */

/* Begin PBXContainerItemProxy section */
		99417A031BA348690028C9C7 /* PBXContainerItemProxy */ = {
			isa = PBXContainerItemProxy;
			containerPortal = 994179E61BA348690028C9C7 /* Project object */;
			proxyType = 1;
			remoteGlobalIDString = 994179ED1BA348690028C9C7;
			remoteInfo = TestKVOKVC;
		};
		99417A0E1BA348690028C9C7 /* PBXContainerItemProxy */ = {
			isa = PBXContainerItemProxy;
			containerPortal = 994179E61BA348690028C9C7 /* Project object */;
			proxyType = 1;
			remoteGlobalIDString = 994179ED1BA348690028C9C7;
			remoteInfo = TestKVOKVC;
		};
/* End PBXContainerItemProxy section */

/* Begin PBXFileReference section */
		994179EE1BA348690028C9C7 /* TestKVOKVC.app */ = {isa = PBXFileReference; explicitFileType = wrapper.application; includeInIndex = 0; path = TestKVOKVC.app; sourceTree = BUILT_PRODUCTS_DIR; };
		994179F11BA348690028C9C7 /* AppDelegate.swift */ = {isa = PBXFileReference; lastKnownFileType = sourcecode.swift; path = AppDelegate.swift; sourceTree = "<group>"; };
		994179F31BA348690028C9C7 /* ViewController.swift */ = {isa = PBXFileReference; lastKnownFileType = sourcecode.swift; path = ViewController.swift; sourceTree = "<group>"; };
		994179F61BA348690028C9C7 /* Base */ = {isa = PBXFileReference; lastKnownFileType = file.storyboard; name = Base; path = Base.lproj/Main.storyboard; sourceTree = "<group>"; };
		994179F81BA348690028C9C7 /* Assets.xcassets */ = {isa = PBXFileReference; lastKnownFileType = folder.assetcatalog; path = Assets.xcassets; sourceTree = "<group>"; };
		994179FB1BA348690028C9C7 /* Base */ = {isa = PBXFileReference; lastKnownFileType = file.storyboard; name = Base; path = Base.lproj/LaunchScreen.storyboard; sourceTree = "<group>"; };
		994179FD1BA348690028C9C7 /* Info.plist */ = {isa = PBXFileReference; lastKnownFileType = text.plist.xml; path = Info.plist; sourceTree = "<group>"; };
		99417A021BA348690028C9C7 /* TestKVOKVCTests.xctest */ = {isa = PBXFileReference; explicitFileType = wrapper.cfbundle; includeInIndex = 0; path = TestKVOKVCTests.xctest; sourceTree = BUILT_PRODUCTS_DIR; };
		99417A061BA348690028C9C7 /* TestKVOKVCTests.swift */ = {isa = PBXFileReference; lastKnownFileType = sourcecode.swift; path = TestKVOKVCTests.swift; sourceTree = "<group>"; };
		99417A081BA348690028C9C7 /* Info.plist */ = {isa = PBXFileReference; lastKnownFileType = text.plist.xml; path = Info.plist; sourceTree = "<group>"; };
		99417A0D1BA348690028C9C7 /* TestKVOKVCUITests.xctest */ = {isa = PBXFileReference; explicitFileType = wrapper.cfbundle; includeInIndex = 0; path = TestKVOKVCUITests.xctest; sourceTree = BUILT_PRODUCTS_DIR; };
		99417A111BA348690028C9C7 /* TestKVOKVCUITests.swift */ = {isa = PBXFileReference; lastKnownFileType = sourcecode.swift; path = TestKVOKVCUITests.swift; sourceTree = "<group>"; };
		99417A131BA348690028C9C7 /* Info.plist */ = {isa = PBXFileReference; lastKnownFileType = text.plist.xml; path = Info.plist; sourceTree = "<group>"; };
		99417A1F1BA349880028C9C7 /* RootTableViewController.swift */ = {isa = PBXFileReference; fileEncoding = 4; lastKnownFileType = sourcecode.swift; path = RootTableViewController.swift; sourceTree = "<group>"; };
		99417A211BA3B5310028C9C7 /* PrincipleViewController.swift */ = {isa = PBXFileReference; fileEncoding = 4; lastKnownFileType = sourcecode.swift; path = PrincipleViewController.swift; sourceTree = "<group>"; };
		99417A241BA3B5660028C9C7 /* People.swift */ = {isa = PBXFileReference; fileEncoding = 4; lastKnownFileType = sourcecode.swift; path = People.swift; sourceTree = "<group>"; };
		99417A261BA3B6ED0028C9C7 /* Address.swift */ = {isa = PBXFileReference; fileEncoding = 4; lastKnownFileType = sourcecode.swift; path = Address.swift; sourceTree = "<group>"; };
		9971F2E81BA4939000839DFF /* BasicKVOUIViewController.swift */ = {isa = PBXFileReference; fileEncoding = 4; lastKnownFileType = sourcecode.swift; path = BasicKVOUIViewController.swift; sourceTree = "<group>"; };
/* End PBXFileReference section */

/* Begin PBXFrameworksBuildPhase section */
		994179EB1BA348690028C9C7 /* Frameworks */ = {
			isa = PBXFrameworksBuildPhase;
			buildActionMask = 2147483647;
			files = (
			);
			runOnlyForDeploymentPostprocessing = 0;
		};
		994179FF1BA348690028C9C7 /* Frameworks */ = {
			isa = PBXFrameworksBuildPhase;
			buildActionMask = 2147483647;
			files = (
			);
			runOnlyForDeploymentPostprocessing = 0;
		};
		99417A0A1BA348690028C9C7 /* Frameworks */ = {
			isa = PBXFrameworksBuildPhase;
			buildActionMask = 2147483647;
			files = (
			);
			runOnlyForDeploymentPostprocessing = 0;
		};
/* End PBXFrameworksBuildPhase section */

/* Begin PBXGroup section */
		994179E51BA348690028C9C7 = {
			isa = PBXGroup;
			children = (
				994179F01BA348690028C9C7 /* TestKVOKVC */,
				99417A051BA348690028C9C7 /* TestKVOKVCTests */,
				99417A101BA348690028C9C7 /* TestKVOKVCUITests */,
				994179EF1BA348690028C9C7 /* Products */,
			);
			sourceTree = "<group>";
		};
		994179EF1BA348690028C9C7 /* Products */ = {
			isa = PBXGroup;
			children = (
				994179EE1BA348690028C9C7 /* TestKVOKVC.app */,
				99417A021BA348690028C9C7 /* TestKVOKVCTests.xctest */,
				99417A0D1BA348690028C9C7 /* TestKVOKVCUITests.xctest */,
			);
			name = Products;
			sourceTree = "<group>";
		};
		994179F01BA348690028C9C7 /* TestKVOKVC */ = {
			isa = PBXGroup;
			children = (
				99417A231BA3B5400028C9C7 /* Model */,
				994179F11BA348690028C9C7 /* AppDelegate.swift */,
				994179F31BA348690028C9C7 /* ViewController.swift */,
				99417A1F1BA349880028C9C7 /* RootTableViewController.swift */,
				99417A211BA3B5310028C9C7 /* PrincipleViewController.swift */,
				9971F2E81BA4939000839DFF /* BasicKVOUIViewController.swift */,
				994179F51BA348690028C9C7 /* Main.storyboard */,
				994179F81BA348690028C9C7 /* Assets.xcassets */,
				994179FA1BA348690028C9C7 /* LaunchScreen.storyboard */,
				994179FD1BA348690028C9C7 /* Info.plist */,
			);
			path = TestKVOKVC;
			sourceTree = "<group>";
		};
		99417A051BA348690028C9C7 /* TestKVOKVCTests */ = {
			isa = PBXGroup;
			children = (
				99417A061BA348690028C9C7 /* TestKVOKVCTests.swift */,
				99417A081BA348690028C9C7 /* Info.plist */,
			);
			path = TestKVOKVCTests;
			sourceTree = "<group>";
		};
		99417A101BA348690028C9C7 /* TestKVOKVCUITests */ = {
			isa = PBXGroup;
			children = (
				99417A111BA348690028C9C7 /* TestKVOKVCUITests.swift */,
				99417A131BA348690028C9C7 /* Info.plist */,
			);
			path = TestKVOKVCUITests;
			sourceTree = "<group>";
		};
		99417A231BA3B5400028C9C7 /* Model */ = {
			isa = PBXGroup;
			children = (
				99417A241BA3B5660028C9C7 /* People.swift */,
				99417A261BA3B6ED0028C9C7 /* Address.swift */,
			);
			name = Model;
			sourceTree = "<group>";
		};
/* End PBXGroup section */

/* Begin PBXNativeTarget section */
		994179ED1BA348690028C9C7 /* TestKVOKVC */ = {
			isa = PBXNativeTarget;
			buildConfigurationList = 99417A161BA348690028C9C7 /* Build configuration list for PBXNativeTarget "TestKVOKVC" */;
			buildPhases = (
				994179EA1BA348690028C9C7 /* Sources */,
				994179EB1BA348690028C9C7 /* Frameworks */,
				994179EC1BA348690028C9C7 /* Resources */,
			);
			buildRules = (
			);
			dependencies = (
			);
			name = TestKVOKVC;
			productName = TestKVOKVC;
			productReference = 994179EE1BA348690028C9C7 /* TestKVOKVC.app */;
			productType = "com.apple.product-type.application";
		};
		99417A011BA348690028C9C7 /* TestKVOKVCTests */ = {
			isa = PBXNativeTarget;
			buildConfigurationList = 99417A191BA348690028C9C7 /* Build configuration list for PBXNativeTarget "TestKVOKVCTests" */;
			buildPhases = (
				994179FE1BA348690028C9C7 /* Sources */,
				994179FF1BA348690028C9C7 /* Frameworks */,
				99417A001BA348690028C9C7 /* Resources */,
			);
			buildRules = (
			);
			dependencies = (
				99417A041BA348690028C9C7 /* PBXTargetDependency */,
			);
			name = TestKVOKVCTests;
			productName = TestKVOKVCTests;
			productReference = 99417A021BA348690028C9C7 /* TestKVOKVCTests.xctest */;
			productType = "com.apple.product-type.bundle.unit-test";
		};
		99417A0C1BA348690028C9C7 /* TestKVOKVCUITests */ = {
			isa = PBXNativeTarget;
			buildConfigurationList = 99417A1C1BA348690028C9C7 /* Build configuration list for PBXNativeTarget "TestKVOKVCUITests" */;
			buildPhases = (
				99417A091BA348690028C9C7 /* Sources */,
				99417A0A1BA348690028C9C7 /* Frameworks */,
				99417A0B1BA348690028C9C7 /* Resources */,
			);
			buildRules = (
			);
			dependencies = (
				99417A0F1BA348690028C9C7 /* PBXTargetDependency */,
			);
			name = TestKVOKVCUITests;
			productName = TestKVOKVCUITests;
			productReference = 99417A0D1BA348690028C9C7 /* TestKVOKVCUITests.xctest */;
			productType = "com.apple.product-type.bundle.ui-testing";
		};
/* End PBXNativeTarget section */

/* Begin PBXProject section */
		994179E61BA348690028C9C7 /* Project object */ = {
			isa = PBXProject;
			attributes = {
				LastUpgradeCheck = 0700;
				ORGANIZATIONNAME = Cactus;
				TargetAttributes = {
					994179ED1BA348690028C9C7 = {
						CreatedOnToolsVersion = 7.0;
					};
					99417A011BA348690028C9C7 = {
						CreatedOnToolsVersion = 7.0;
						TestTargetID = 994179ED1BA348690028C9C7;
					};
					99417A0C1BA348690028C9C7 = {
						CreatedOnToolsVersion = 7.0;
						TestTargetID = 994179ED1BA348690028C9C7;
					};
				};
			};
			buildConfigurationList = 994179E91BA348690028C9C7 /* Build configuration list for PBXProject "TestKVOKVC" */;
			compatibilityVersion = "Xcode 3.2";
			developmentRegion = English;
			hasScannedForEncodings = 0;
			knownRegions = (
				en,
				Base,
			);
			mainGroup = 994179E51BA348690028C9C7;
			productRefGroup = 994179EF1BA348690028C9C7 /* Products */;
			projectDirPath = "";
			projectRoot = "";
			targets = (
				994179ED1BA348690028C9C7 /* TestKVOKVC */,
				99417A011BA348690028C9C7 /* TestKVOKVCTests */,
				99417A0C1BA348690028C9C7 /* TestKVOKVCUITests */,
			);
		};
/* End PBXProject section */

/* Begin PBXResourcesBuildPhase section */
		994179EC1BA348690028C9C7 /* Resources */ = {
			isa = PBXResourcesBuildPhase;
			buildActionMask = 2147483647;
			files = (
				994179FC1BA348690028C9C7 /* LaunchScreen.storyboard in Resources */,
				994179F91BA348690028C9C7 /* Assets.xcassets in Resources */,
				994179F71BA348690028C9C7 /* Main.storyboard in Resources */,
			);
			runOnlyForDeploymentPostprocessing = 0;
		};
		99417A001BA348690028C9C7 /* Resources */ = {
			isa = PBXResourcesBuildPhase;
			buildActionMask = 2147483647;
			files = (
			);
			runOnlyForDeploymentPostprocessing = 0;
		};
		99417A0B1BA348690028C9C7 /* Resources */ = {
			isa = PBXResourcesBuildPhase;
			buildActionMask = 2147483647;
			files = (
			);
			runOnlyForDeploymentPostprocessing = 0;
		};
/* End PBXResourcesBuildPhase section */

/* Begin PBXSourcesBuildPhase section */
		994179EA1BA348690028C9C7 /* Sources */ = {
			isa = PBXSourcesBuildPhase;
			buildActionMask = 2147483647;
			files = (
				9971F2E91BA4939000839DFF /* BasicKVOUIViewController.swift in Sources */,
				99417A271BA3B6EE0028C9C7 /* Address.swift in Sources */,
				994179F41BA348690028C9C7 /* ViewController.swift in Sources */,
				99417A221BA3B5310028C9C7 /* PrincipleViewController.swift in Sources */,
				99417A201BA349880028C9C7 /* RootTableViewController.swift in Sources */,
				994179F21BA348690028C9C7 /* AppDelegate.swift in Sources */,
				99417A251BA3B5660028C9C7 /* People.swift in Sources */,
			);
			runOnlyForDeploymentPostprocessing = 0;
		};
		994179FE1BA348690028C9C7 /* Sources */ = {
			isa = PBXSourcesBuildPhase;
			buildActionMask = 2147483647;
			files = (
				99417A071BA348690028C9C7 /* TestKVOKVCTests.swift in Sources */,
			);
			runOnlyForDeploymentPostprocessing = 0;
		};
		99417A091BA348690028C9C7 /* Sources */ = {
			isa = PBXSourcesBuildPhase;
			buildActionMask = 2147483647;
			files = (
				99417A121BA348690028C9C7 /* TestKVOKVCUITests.swift in Sources */,
			);
			runOnlyForDeploymentPostprocessing = 0;
		};
/* End PBXSourcesBuildPhase section */

/* Begin PBXTargetDependency section */
		99417A041BA348690028C9C7 /* PBXTargetDependency */ = {
			isa = PBXTargetDependency;
			target = 994179ED1BA348690028C9C7 /* TestKVOKVC */;
			targetProxy = 99417A031BA348690028C9C7 /* PBXContainerItemProxy */;
		};
		99417A0F1BA348690028C9C7 /* PBXTargetDependency */ = {
			isa = PBXTargetDependency;
			target = 994179ED1BA348690028C9C7 /* TestKVOKVC */;
			targetProxy = 99417A0E1BA348690028C9C7 /* PBXContainerItemProxy */;
		};
/* End PBXTargetDependency section */

/* Begin PBXVariantGroup section */
		994179F51BA348690028C9C7 /* Main.storyboard */ = {
			isa = PBXVariantGroup;
			children = (
				994179F61BA348690028C9C7 /* Base */,
			);
			name = Main.storyboard;
			sourceTree = "<group>";
		};
		994179FA1BA348690028C9C7 /* LaunchScreen.storyboard */ = {
			isa = PBXVariantGroup;
			children = (
				994179FB1BA348690028C9C7 /* Base */,
			);
			name = LaunchScreen.storyboard;
			sourceTree = "<group>";
		};
/* End PBXVariantGroup section */

/* Begin XCBuildConfiguration section */
		99417A141BA348690028C9C7 /* Debug */ = {
			isa = XCBuildConfiguration;
			buildSettings = {
				ALWAYS_SEARCH_USER_PATHS = NO;
				CLANG_CXX_LANGUAGE_STANDARD = "gnu++0x";
				CLANG_CXX_LIBRARY = "libc++";
				CLANG_ENABLE_MODULES = YES;
				CLANG_ENABLE_OBJC_ARC = YES;
				CLANG_WARN_BOOL_CONVERSION = YES;
				CLANG_WARN_CONSTANT_CONVERSION = YES;
				CLANG_WARN_DIRECT_OBJC_ISA_USAGE = YES_ERROR;
				CLANG_WARN_EMPTY_BODY = YES;
				CLANG_WARN_ENUM_CONVERSION = YES;
				CLANG_WARN_INT_CONVERSION = YES;
				CLANG_WARN_OBJC_ROOT_CLASS = YES_ERROR;
				CLANG_WARN_UNREACHABLE_CODE = YES;
				CLANG_WARN__DUPLICATE_METHOD_MATCH = YES;
				"CODE_SIGN_IDENTITY[sdk=iphoneos*]" = "iPhone Developer";
				COPY_PHASE_STRIP = NO;
				DEBUG_INFORMATION_FORMAT = dwarf;
				ENABLE_STRICT_OBJC_MSGSEND = YES;
				ENABLE_TESTABILITY = YES;
				GCC_C_LANGUAGE_STANDARD = gnu99;
				GCC_DYNAMIC_NO_PIC = NO;
				GCC_NO_COMMON_BLOCKS = YES;
				GCC_OPTIMIZATION_LEVEL = 0;
				GCC_PREPROCESSOR_DEFINITIONS = (
					"DEBUG=1",
					"$(inherited)",
				);
				GCC_WARN_64_TO_32_BIT_CONVERSION = YES;
				GCC_WARN_ABOUT_RETURN_TYPE = YES_ERROR;
				GCC_WARN_UNDECLARED_SELECTOR = YES;
				GCC_WARN_UNINITIALIZED_AUTOS = YES_AGGRESSIVE;
				GCC_WARN_UNUSED_FUNCTION = YES;
				GCC_WARN_UNUSED_VARIABLE = YES;
				IPHONEOS_DEPLOYMENT_TARGET = 9.0;
				MTL_ENABLE_DEBUG_INFO = YES;
				ONLY_ACTIVE_ARCH = YES;
				SDKROOT = iphoneos;
				SWIFT_OPTIMIZATION_LEVEL = "-Onone";
				TARGETED_DEVICE_FAMILY = "1,2";
			};
			name = Debug;
		};
		99417A151BA348690028C9C7 /* Release */ = {
			isa = XCBuildConfiguration;
			buildSettings = {
				ALWAYS_SEARCH_USER_PATHS = NO;
				CLANG_CXX_LANGUAGE_STANDARD = "gnu++0x";
				CLANG_CXX_LIBRARY = "libc++";
				CLANG_ENABLE_MODULES = YES;
				CLANG_ENABLE_OBJC_ARC = YES;
				CLANG_WARN_BOOL_CONVERSION = YES;
				CLANG_WARN_CONSTANT_CONVERSION = YES;
				CLANG_WARN_DIRECT_OBJC_ISA_USAGE = YES_ERROR;
				CLANG_WARN_EMPTY_BODY = YES;
				CLANG_WARN_ENUM_CONVERSION = YES;
				CLANG_WARN_INT_CONVERSION = YES;
				CLANG_WARN_OBJC_ROOT_CLASS = YES_ERROR;
				CLANG_WARN_UNREACHABLE_CODE = YES;
				CLANG_WARN__DUPLICATE_METHOD_MATCH = YES;
				"CODE_SIGN_IDENTITY[sdk=iphoneos*]" = "iPhone Developer";
				COPY_PHASE_STRIP = NO;
				DEBUG_INFORMATION_FORMAT = "dwarf-with-dsym";
				ENABLE_NS_ASSERTIONS = NO;
				ENABLE_STRICT_OBJC_MSGSEND = YES;
				GCC_C_LANGUAGE_STANDARD = gnu99;
				GCC_NO_COMMON_BLOCKS = YES;
				GCC_WARN_64_TO_32_BIT_CONVERSION = YES;
				GCC_WARN_ABOUT_RETURN_TYPE = YES_ERROR;
				GCC_WARN_UNDECLARED_SELECTOR = YES;
				GCC_WARN_UNINITIALIZED_AUTOS = YES_AGGRESSIVE;
				GCC_WARN_UNUSED_FUNCTION = YES;
				GCC_WARN_UNUSED_VARIABLE = YES;
				IPHONEOS_DEPLOYMENT_TARGET = 9.0;
				MTL_ENABLE_DEBUG_INFO = NO;
				SDKROOT = iphoneos;
				TARGETED_DEVICE_FAMILY = "1,2";
				VALIDATE_PRODUCT = YES;
			};
			name = Release;
		};
		99417A171BA348690028C9C7 /* Debug */ = {
			isa = XCBuildConfiguration;
			buildSettings = {
				ASSETCATALOG_COMPILER_APPICON_NAME = AppIcon;
				INFOPLIST_FILE = TestKVOKVC/Info.plist;
				IPHONEOS_DEPLOYMENT_TARGET = 7.0;
				LD_RUNPATH_SEARCH_PATHS = "$(inherited) @executable_path/Frameworks";
				PRODUCT_BUNDLE_IDENTIFIER = com.oukavip.TestKVOKVC;
				PRODUCT_NAME = "$(TARGET_NAME)";
			};
			name = Debug;
		};
		99417A181BA348690028C9C7 /* Release */ = {
			isa = XCBuildConfiguration;
			buildSettings = {
				ASSETCATALOG_COMPILER_APPICON_NAME = AppIcon;
				INFOPLIST_FILE = TestKVOKVC/Info.plist;
				IPHONEOS_DEPLOYMENT_TARGET = 7.0;
				LD_RUNPATH_SEARCH_PATHS = "$(inherited) @executable_path/Frameworks";
				PRODUCT_BUNDLE_IDENTIFIER = com.oukavip.TestKVOKVC;
				PRODUCT_NAME = "$(TARGET_NAME)";
			};
			name = Release;
		};
		99417A1A1BA348690028C9C7 /* Debug */ = {
			isa = XCBuildConfiguration;
			buildSettings = {
				BUNDLE_LOADER = "$(TEST_HOST)";
				INFOPLIST_FILE = TestKVOKVCTests/Info.plist;
				LD_RUNPATH_SEARCH_PATHS = "$(inherited) @executable_path/Frameworks @loader_path/Frameworks";
				PRODUCT_BUNDLE_IDENTIFIER = com.oukavip.TestKVOKVCTests;
				PRODUCT_NAME = "$(TARGET_NAME)";
				TEST_HOST = "$(BUILT_PRODUCTS_DIR)/TestKVOKVC.app/TestKVOKVC";
			};
			name = Debug;
		};
		99417A1B1BA348690028C9C7 /* Release */ = {
			isa = XCBuildConfiguration;
			buildSettings = {
				BUNDLE_LOADER = "$(TEST_HOST)";
				INFOPLIST_FILE = TestKVOKVCTests/Info.plist;
				LD_RUNPATH_SEARCH_PATHS = "$(inherited) @executable_path/Frameworks @loader_path/Frameworks";
				PRODUCT_BUNDLE_IDENTIFIER = com.oukavip.TestKVOKVCTests;
				PRODUCT_NAME = "$(TARGET_NAME)";
				TEST_HOST = "$(BUILT_PRODUCTS_DIR)/TestKVOKVC.app/TestKVOKVC";
			};
			name = Release;
		};
		99417A1D1BA348690028C9C7 /* Debug */ = {
			isa = XCBuildConfiguration;
			buildSettings = {
				INFOPLIST_FILE = TestKVOKVCUITests/Info.plist;
				LD_RUNPATH_SEARCH_PATHS = "$(inherited) @executable_path/Frameworks @loader_path/Frameworks";
				PRODUCT_BUNDLE_IDENTIFIER = com.oukavip.TestKVOKVCUITests;
				PRODUCT_NAME = "$(TARGET_NAME)";
				TEST_TARGET_NAME = TestKVOKVC;
				USES_XCTRUNNER = YES;
			};
			name = Debug;
		};
		99417A1E1BA348690028C9C7 /* Release */ = {
			isa = XCBuildConfiguration;
			buildSettings = {
				INFOPLIST_FILE = TestKVOKVCUITests/Info.plist;
				LD_RUNPATH_SEARCH_PATHS = "$(inherited) @executable_path/Frameworks @loader_path/Frameworks";
				PRODUCT_BUNDLE_IDENTIFIER = com.oukavip.TestKVOKVCUITests;
				PRODUCT_NAME = "$(TARGET_NAME)";
				TEST_TARGET_NAME = TestKVOKVC;
				USES_XCTRUNNER = YES;
			};
			name = Release;
		};
/* End XCBuildConfiguration section */

/* Begin XCConfigurationList section */
		994179E91BA348690028C9C7 /* Build configuration list for PBXProject "TestKVOKVC" */ = {
			isa = XCConfigurationList;
			buildConfigurations = (
				99417A141BA348690028C9C7 /* Debug */,
				99417A151BA348690028C9C7 /* Release */,
			);
			defaultConfigurationIsVisible = 0;
			defaultConfigurationName = Release;
		};
		99417A161BA348690028C9C7 /* Build configuration list for PBXNativeTarget "TestKVOKVC" */ = {
			isa = XCConfigurationList;
			buildConfigurations = (
				99417A171BA348690028C9C7 /* Debug */,
				99417A181BA348690028C9C7 /* Release */,
			);
			defaultConfigurationIsVisible = 0;
			defaultConfigurationName = Release;
		};
		99417A191BA348690028C9C7 /* Build configuration list for PBXNativeTarget "TestKVOKVCTests" */ = {
			isa = XCConfigurationList;
			buildConfigurations = (
				99417A1A1BA348690028C9C7 /* Debug */,
				99417A1B1BA348690028C9C7 /* Release */,
			);
			defaultConfigurationIsVisible = 0;
			defaultConfigurationName = Release;
		};
		99417A1C1BA348690028C9C7 /* Build configuration list for PBXNativeTarget "TestKVOKVCUITests" */ = {
			isa = XCConfigurationList;
			buildConfigurations = (
				99417A1D1BA348690028C9C7 /* Debug */,
				99417A1E1BA348690028C9C7 /* Release */,
			);
			defaultConfigurationIsVisible = 0;
			defaultConfigurationName = Release;
		};
/* End XCConfigurationList section */
	};
	rootObject = 994179E61BA348690028C9C7 /* Project object */;
}
